// !$*UTF8*$!
{
	archiveVersion = 1;
	classes = {
	};
	objectVersion = 50;
	objects = {

/* Begin PBXBuildFile section */
		CF6607D9218A96BB0073F88B /* AppDelegate.m in Sources */ = {isa = PBXBuildFile; fileRef = CF6607D8218A96BB0073F88B /* AppDelegate.m */; };
		CF6607DC218A96BB0073F88B /* ViewController.m in Sources */ = {isa = PBXBuildFile; fileRef = CF6607DB218A96BB0073F88B /* ViewController.m */; };
		CF6607DE218A96BD0073F88B /* Assets.xcassets in Resources */ = {isa = PBXBuildFile; fileRef = CF6607DD218A96BD0073F88B /* Assets.xcassets */; };
		CF6607E1218A96BD0073F88B /* Main.storyboard in Resources */ = {isa = PBXBuildFile; fileRef = CF6607DF218A96BD0073F88B /* Main.storyboard */; };
		CF6607E4218A96BD0073F88B /* main.m in Sources */ = {isa = PBXBuildFile; fileRef = CF6607E3218A96BD0073F88B /* main.m */; };
		CF660812218AA13B0073F88B /* WebRTC.framework in Frameworks */ = {isa = PBXBuildFile; fileRef = CF660810218AA1270073F88B /* WebRTC.framework */; };
		CF660813218AA13B0073F88B /* WebRTC.framework in Embed Frameworks */ = {isa = PBXBuildFile; fileRef = CF660810218AA1270073F88B /* WebRTC.framework */; settings = {ATTRIBUTES = (CodeSignOnCopy, RemoveHeadersOnCopy, ); }; };
/* End PBXBuildFile section */

/* Begin PBXCopyFilesBuildPhase section */
		CF660814218AA13B0073F88B /* Embed Frameworks */ = {
			isa = PBXCopyFilesBuildPhase;
			buildActionMask = 2147483647;
			dstPath = "";
			dstSubfolderSpec = 10;
			files = (
				CF660813218AA13B0073F88B /* WebRTC.framework in Embed Frameworks */,
			);
			name = "Embed Frameworks";
			runOnlyForDeploymentPostprocessing = 0;
		};
/* End PBXCopyFilesBuildPhase section */

/* Begin PBXFileReference section */
		CF6607D4218A96BB0073F88B /* WeBR.app */ = {isa = PBXFileReference; explicitFileType = wrapper.application; includeInIndex = 0; path = WeBR.app; sourceTree = BUILT_PRODUCTS_DIR; };
		CF6607D7218A96BB0073F88B /* AppDelegate.h */ = {isa = PBXFileReference; lastKnownFileType = sourcecode.c.h; path = AppDelegate.h; sourceTree = "<group>"; };
		CF6607D8218A96BB0073F88B /* AppDelegate.m */ = {isa = PBXFileReference; lastKnownFileType = sourcecode.c.objc; path = AppDelegate.m; sourceTree = "<group>"; };
		CF6607DA218A96BB0073F88B /* ViewController.h */ = {isa = PBXFileReference; lastKnownFileType = sourcecode.c.h; path = ViewController.h; sourceTree = "<group>"; };
		CF6607DB218A96BB0073F88B /* ViewController.m */ = {isa = PBXFileReference; lastKnownFileType = sourcecode.c.objc; path = ViewController.m; sourceTree = "<group>"; };
		CF6607DD218A96BD0073F88B /* Assets.xcassets */ = {isa = PBXFileReference; lastKnownFileType = folder.assetcatalog; path = Assets.xcassets; sourceTree = "<group>"; };
		CF6607E0218A96BD0073F88B /* Base */ = {isa = PBXFileReference; lastKnownFileType = file.storyboard; name = Base; path = Base.lproj/Main.storyboard; sourceTree = "<group>"; };
		CF6607E2218A96BD0073F88B /* Info.plist */ = {isa = PBXFileReference; lastKnownFileType = text.plist.xml; path = Info.plist; sourceTree = "<group>"; };
		CF6607E3218A96BD0073F88B /* main.m */ = {isa = PBXFileReference; lastKnownFileType = sourcecode.c.objc; path = main.m; sourceTree = "<group>"; };
		CF6607E5218A96BD0073F88B /* WeBR.entitlements */ = {isa = PBXFileReference; lastKnownFileType = text.plist.entitlements; path = WeBR.entitlements; sourceTree = "<group>"; };
		CF6607FE218AA0450073F88B /* CoreMedia.framework */ = {isa = PBXFileReference; lastKnownFileType = wrapper.framework; name = CoreMedia.framework; path = System/Library/Frameworks/CoreMedia.framework; sourceTree = SDKROOT; };
		CF660800218AA04C0073F88B /* AVFoundation.framework */ = {isa = PBXFileReference; lastKnownFileType = wrapper.framework; name = AVFoundation.framework; path = System/Library/Frameworks/AVFoundation.framework; sourceTree = SDKROOT; };
		CF660802218AA0530073F88B /* AudioToolbox.framework */ = {isa = PBXFileReference; lastKnownFileType = wrapper.framework; name = AudioToolbox.framework; path = System/Library/Frameworks/AudioToolbox.framework; sourceTree = SDKROOT; };
		CF660804218AA0630073F88B /* libicucore.tbd */ = {isa = PBXFileReference; lastKnownFileType = "sourcecode.text-based-dylib-definition"; name = libicucore.tbd; path = usr/lib/libicucore.tbd; sourceTree = SDKROOT; };
		CF660806218AA07B0073F88B /* libc.tbd */ = {isa = PBXFileReference; lastKnownFileType = "sourcecode.text-based-dylib-definition"; name = libc.tbd; path = usr/lib/libc.tbd; sourceTree = SDKROOT; };
		CF660808218AA0800073F88B /* GLKit.framework */ = {isa = PBXFileReference; lastKnownFileType = wrapper.framework; name = GLKit.framework; path = System/Library/Frameworks/GLKit.framework; sourceTree = SDKROOT; };
		CF66080A218AA0920073F88B /* OpenGL.framework */ = {isa = PBXFileReference; lastKnownFileType = wrapper.framework; name = OpenGL.framework; path = System/Library/Frameworks/OpenGL.framework; sourceTree = SDKROOT; };
		CF66080C218AA09C0073F88B /* VideoToolbox.framework */ = {isa = PBXFileReference; lastKnownFileType = wrapper.framework; name = VideoToolbox.framework; path = System/Library/Frameworks/VideoToolbox.framework; sourceTree = SDKROOT; };
		CF66080E218AA0A30073F88B /* CoreTelephony.framework */ = {isa = PBXFileReference; lastKnownFileType = wrapper.framework; name = CoreTelephony.framework; path = System/Library/Frameworks/CoreTelephony.framework; sourceTree = SDKROOT; };
		CF660810218AA1270073F88B /* WebRTC.framework */ = {isa = PBXFileReference; lastKnownFileType = wrapper.framework; path = WebRTC.framework; sourceTree = "<group>"; };
/* End PBXFileReference section */

/* Begin PBXFrameworksBuildPhase section */
		CF6607D1218A96BB0073F88B /* Frameworks */ = {
			isa = PBXFrameworksBuildPhase;
			buildActionMask = 2147483647;
			files = (
				CF660812218AA13B0073F88B /* WebRTC.framework in Frameworks */,
			);
			runOnlyForDeploymentPostprocessing = 0;
		};
/* End PBXFrameworksBuildPhase section */

/* Begin PBXGroup section */
		CF6607CB218A96BB0073F88B = {
			isa = PBXGroup;
			children = (
				CF6607D6218A96BB0073F88B /* WeBR */,
				CF6607D5218A96BB0073F88B /* Products */,
				CF6607FD218AA0450073F88B /* Frameworks */,
			);
			sourceTree = "<group>";
		};
		CF6607D5218A96BB0073F88B /* Products */ = {
			isa = PBXGroup;
			children = (
				CF6607D4218A96BB0073F88B /* WeBR.app */,
			);
			name = Products;
			sourceTree = "<group>";
		};
		CF6607D6218A96BB0073F88B /* WeBR */ = {
			isa = PBXGroup;
			children = (
				CF660810218AA1270073F88B /* WebRTC.framework */,
				CF6607D7218A96BB0073F88B /* AppDelegate.h */,
				CF6607D8218A96BB0073F88B /* AppDelegate.m */,
				CF6607DA218A96BB0073F88B /* ViewController.h */,
				CF6607DB218A96BB0073F88B /* ViewController.m */,
				CF6607DD218A96BD0073F88B /* Assets.xcassets */,
				CF6607DF218A96BD0073F88B /* Main.storyboard */,
				CF6607E2218A96BD0073F88B /* Info.plist */,
				CF6607E3218A96BD0073F88B /* main.m */,
				CF6607E5218A96BD0073F88B /* WeBR.entitlements */,
			);
			path = WeBR;
			sourceTree = "<group>";
		};
		CF6607FD218AA0450073F88B /* Frameworks */ = {
			isa = PBXGroup;
			children = (
				CF66080E218AA0A30073F88B /* CoreTelephony.framework */,
				CF66080C218AA09C0073F88B /* VideoToolbox.framework */,
				CF66080A218AA0920073F88B /* OpenGL.framework */,
				CF660808218AA0800073F88B /* GLKit.framework */,
				CF660806218AA07B0073F88B /* libc.tbd */,
				CF660804218AA0630073F88B /* libicucore.tbd */,
				CF660802218AA0530073F88B /* AudioToolbox.framework */,
				CF660800218AA04C0073F88B /* AVFoundation.framework */,
				CF6607FE218AA0450073F88B /* CoreMedia.framework */,
			);
			name = Frameworks;
			sourceTree = "<group>";
		};
/* End PBXGroup section */

/* Begin PBXNativeTarget section */
		CF6607D3218A96BB0073F88B /* WeBR */ = {
			isa = PBXNativeTarget;
			buildConfigurationList = CF6607E8218A96BD0073F88B /* Build configuration list for PBXNativeTarget "WeBR" */;
			buildPhases = (
				CF6607D0218A96BB0073F88B /* Sources */,
				CF6607D1218A96BB0073F88B /* Frameworks */,
				CF6607D2218A96BB0073F88B /* Resources */,
				CF660814218AA13B0073F88B /* Embed Frameworks */,
			);
			buildRules = (
			);
			dependencies = (
			);
			name = WeBR;
			productName = WeBR;
			productReference = CF6607D4218A96BB0073F88B /* WeBR.app */;
			productType = "com.apple.product-type.application";
		};
/* End PBXNativeTarget section */

/* Begin PBXProject section */
		CF6607CC218A96BB0073F88B /* Project object */ = {
			isa = PBXProject;
			attributes = {
				LastUpgradeCheck = 1000;
				ORGANIZATIONNAME = bat;
				TargetAttributes = {
					CF6607D3218A96BB0073F88B = {
						CreatedOnToolsVersion = 10.0;
					};
				};
			};
			buildConfigurationList = CF6607CF218A96BB0073F88B /* Build configuration list for PBXProject "WeBR" */;
			compatibilityVersion = "Xcode 9.3";
			developmentRegion = en;
			hasScannedForEncodings = 0;
			knownRegions = (
				en,
				Base,
			);
			mainGroup = CF6607CB218A96BB0073F88B;
			productRefGroup = CF6607D5218A96BB0073F88B /* Products */;
			projectDirPath = "";
			projectRoot = "";
			targets = (
				CF6607D3218A96BB0073F88B /* WeBR */,
			);
		};
/* End PBXProject section */

/* Begin PBXResourcesBuildPhase section */
		CF6607D2218A96BB0073F88B /* Resources */ = {
			isa = PBXResourcesBuildPhase;
			buildActionMask = 2147483647;
			files = (
				CF6607DE218A96BD0073F88B /* Assets.xcassets in Resources */,
				CF6607E1218A96BD0073F88B /* Main.storyboard in Resources */,
			);
			runOnlyForDeploymentPostprocessing = 0;
		};
/* End PBXResourcesBuildPhase section */

/* Begin PBXSourcesBuildPhase section */
		CF6607D0218A96BB0073F88B /* Sources */ = {
			isa = PBXSourcesBuildPhase;
			buildActionMask = 2147483647;
			files = (
				CF6607DC218A96BB0073F88B /* ViewController.m in Sources */,
				CF6607E4218A96BD0073F88B /* main.m in Sources */,
				CF6607D9218A96BB0073F88B /* AppDelegate.m in Sources */,
			);
			runOnlyForDeploymentPostprocessing = 0;
		};
/* End PBXSourcesBuildPhase section */

/* Begin PBXVariantGroup section */
		CF6607DF218A96BD0073F88B /* Main.storyboard */ = {
			isa = PBXVariantGroup;
			children = (
				CF6607E0218A96BD0073F88B /* Base */,
			);
			name = Main.storyboard;
			sourceTree = "<group>";
		};
/* End PBXVariantGroup section */

/* Begin XCBuildConfiguration section */
		CF6607E6218A96BD0073F88B /* Debug */ = {
			isa = XCBuildConfiguration;
			buildSettings = {
				ALWAYS_SEARCH_USER_PATHS = NO;
				CLANG_ANALYZER_NONNULL = YES;
				CLANG_ANALYZER_NUMBER_OBJECT_CONVERSION = YES_AGGRESSIVE;
				CLANG_CXX_LANGUAGE_STANDARD = "gnu++14";
				CLANG_CXX_LIBRARY = "libc++";
				CLANG_ENABLE_MODULES = YES;
				CLANG_ENABLE_OBJC_ARC = YES;
				CLANG_ENABLE_OBJC_WEAK = YES;
				CLANG_WARN_BLOCK_CAPTURE_AUTORELEASING = YES;
				CLANG_WARN_BOOL_CONVERSION = YES;
				CLANG_WARN_COMMA = YES;
				CLANG_WARN_CONSTANT_CONVERSION = YES;
				CLANG_WARN_DEPRECATED_OBJC_IMPLEMENTATIONS = YES;
				CLANG_WARN_DIRECT_OBJC_ISA_USAGE = YES_ERROR;
				CLANG_WARN_DOCUMENTATION_COMMENTS = YES;
				CLANG_WARN_EMPTY_BODY = YES;
				CLANG_WARN_ENUM_CONVERSION = YES;
				CLANG_WARN_INFINITE_RECURSION = YES;
				CLANG_WARN_INT_CONVERSION = YES;
				CLANG_WARN_NON_LITERAL_NULL_CONVERSION = YES;
				CLANG_WARN_OBJC_IMPLICIT_RETAIN_SELF = YES;
				CLANG_WARN_OBJC_LITERAL_CONVERSION = YES;
				CLANG_WARN_OBJC_ROOT_CLASS = YES_ERROR;
				CLANG_WARN_RANGE_LOOP_ANALYSIS = YES;
				CLANG_WARN_STRICT_PROTOTYPES = YES;
				CLANG_WARN_SUSPICIOUS_MOVE = YES;
				CLANG_WARN_UNGUARDED_AVAILABILITY = YES_AGGRESSIVE;
				CLANG_WARN_UNREACHABLE_CODE = YES;
				CLANG_WARN__DUPLICATE_METHOD_MATCH = YES;
				CODE_SIGN_IDENTITY = "Mac Developer";
				COPY_PHASE_STRIP = NO;
				DEBUG_INFORMATION_FORMAT = dwarf;
				ENABLE_STRICT_OBJC_MSGSEND = YES;
				ENABLE_TESTABILITY = YES;
				GCC_C_LANGUAGE_STANDARD = gnu11;
				GCC_DYNAMIC_NO_PIC = NO;
				GCC_NO_COMMON_BLOCKS = YES;
				GCC_OPTIMIZATION_LEVEL = 0;
				GCC_PREPROCESSOR_DEFINITIONS = (
					"DEBUG=1",
					"$(inherited)",
				);
				GCC_WARN_64_TO_32_BIT_CONVERSION = YES;
				GCC_WARN_ABOUT_RETURN_TYPE = YES_ERROR;
				GCC_WARN_UNDECLARED_SELECTOR = YES;
				GCC_WARN_UNINITIALIZED_AUTOS = YES_AGGRESSIVE;
				GCC_WARN_UNUSED_FUNCTION = YES;
				GCC_WARN_UNUSED_VARIABLE = YES;
				MACOSX_DEPLOYMENT_TARGET = 10.13;
				MTL_ENABLE_DEBUG_INFO = INCLUDE_SOURCE;
				MTL_FAST_MATH = YES;
				ONLY_ACTIVE_ARCH = YES;
				SDKROOT = macosx;
			};
			name = Debug;
		};
		CF6607E7218A96BD0073F88B /* Release */ = {
			isa = XCBuildConfiguration;
			buildSettings = {
				ALWAYS_SEARCH_USER_PATHS = NO;
				CLANG_ANALYZER_NONNULL = YES;
				CLANG_ANALYZER_NUMBER_OBJECT_CONVERSION = YES_AGGRESSIVE;
				CLANG_CXX_LANGUAGE_STANDARD = "gnu++14";
				CLANG_CXX_LIBRARY = "libc++";
				CLANG_ENABLE_MODULES = YES;
				CLANG_ENABLE_OBJC_ARC = YES;
				CLANG_ENABLE_OBJC_WEAK = YES;
				CLANG_WARN_BLOCK_CAPTURE_AUTORELEASING = YES;
				CLANG_WARN_BOOL_CONVERSION = YES;
				CLANG_WARN_COMMA = YES;
				CLANG_WARN_CONSTANT_CONVERSION = YES;
				CLANG_WARN_DEPRECATED_OBJC_IMPLEMENTATIONS = YES;
				CLANG_WARN_DIRECT_OBJC_ISA_USAGE = YES_ERROR;
				CLANG_WARN_DOCUMENTATION_COMMENTS = YES;
				CLANG_WARN_EMPTY_BODY = YES;
				CLANG_WARN_ENUM_CONVERSION = YES;
				CLANG_WARN_INFINITE_RECURSION = YES;
				CLANG_WARN_INT_CONVERSION = YES;
				CLANG_WARN_NON_LITERAL_NULL_CONVERSION = YES;
				CLANG_WARN_OBJC_IMPLICIT_RETAIN_SELF = YES;
				CLANG_WARN_OBJC_LITERAL_CONVERSION = YES;
				CLANG_WARN_OBJC_ROOT_CLASS = YES_ERROR;
				CLANG_WARN_RANGE_LOOP_ANALYSIS = YES;
				CLANG_WARN_STRICT_PROTOTYPES = YES;
				CLANG_WARN_SUSPICIOUS_MOVE = YES;
				CLANG_WARN_UNGUARDED_AVAILABILITY = YES_AGGRESSIVE;
				CLANG_WARN_UNREACHABLE_CODE = YES;
				CLANG_WARN__DUPLICATE_METHOD_MATCH = YES;
				CODE_SIGN_IDENTITY = "Mac Developer";
				COPY_PHASE_STRIP = NO;
				DEBUG_INFORMATION_FORMAT = "dwarf-with-dsym";
				ENABLE_NS_ASSERTIONS = NO;
				ENABLE_STRICT_OBJC_MSGSEND = YES;
				GCC_C_LANGUAGE_STANDARD = gnu11;
				GCC_NO_COMMON_BLOCKS = YES;
				GCC_WARN_64_TO_32_BIT_CONVERSION = YES;
				GCC_WARN_ABOUT_RETURN_TYPE = YES_ERROR;
				GCC_WARN_UNDECLARED_SELECTOR = YES;
				GCC_WARN_UNINITIALIZED_AUTOS = YES_AGGRESSIVE;
				GCC_WARN_UNUSED_FUNCTION = YES;
				GCC_WARN_UNUSED_VARIABLE = YES;
				MACOSX_DEPLOYMENT_TARGET = 10.13;
				MTL_ENABLE_DEBUG_INFO = NO;
				MTL_FAST_MATH = YES;
				SDKROOT = macosx;
			};
			name = Release;
		};
		CF6607E9218A96BD0073F88B /* Debug */ = {
			isa = XCBuildConfiguration;
			buildSettings = {
				ASSETCATALOG_COMPILER_APPICON_NAME = AppIcon;
				CODE_SIGN_ENTITLEMENTS = WeBR/WeBR.entitlements;
				CODE_SIGN_STYLE = Automatic;
				COMBINE_HIDPI_IMAGES = YES;
				DEVELOPMENT_TEAM = KB9FW2X72R;
				FRAMEWORK_SEARCH_PATHS = (
					"$(inherited)",
					"$(PROJECT_DIR)/WeBR",
				);
				INFOPLIST_FILE = WeBR/Info.plist;
				LD_RUNPATH_SEARCH_PATHS = (
					"$(inherited)",
					"@executable_path/../Frameworks",
				);
				PRODUCT_BUNDLE_IDENTIFIER = bat.WeBR;
				PRODUCT_NAME = "$(TARGET_NAME)";
			};
			name = Debug;
		};
		CF6607EA218A96BD0073F88B /* Release */ = {
			isa = XCBuildConfiguration;
			buildSettings = {
				ASSETCATALOG_COMPILER_APPICON_NAME = AppIcon;
				CODE_SIGN_ENTITLEMENTS = WeBR/WeBR.entitlements;
				CODE_SIGN_STYLE = Automatic;
				COMBINE_HIDPI_IMAGES = YES;
				DEVELOPMENT_TEAM = KB9FW2X72R;
				FRAMEWORK_SEARCH_PATHS = (
					"$(inherited)",
					"$(PROJECT_DIR)/WeBR",
				);
				INFOPLIST_FILE = WeBR/Info.plist;
				LD_RUNPATH_SEARCH_PATHS = (
					"$(inherited)",
					"@executable_path/../Frameworks",
				);
				PRODUCT_BUNDLE_IDENTIFIER = bat.WeBR;
				PRODUCT_NAME = "$(TARGET_NAME)";
			};
			name = Release;
		};
/* End XCBuildConfiguration section */

/* Begin XCConfigurationList section */
		CF6607CF218A96BB0073F88B /* Build configuration list for PBXProject "WeBR" */ = {
			isa = XCConfigurationList;
			buildConfigurations = (
				CF6607E6218A96BD0073F88B /* Debug */,
				CF6607E7218A96BD0073F88B /* Release */,
			);
			defaultConfigurationIsVisible = 0;
			defaultConfigurationName = Release;
		};
		CF6607E8218A96BD0073F88B /* Build configuration list for PBXNativeTarget "WeBR" */ = {
			isa = XCConfigurationList;
			buildConfigurations = (
				CF6607E9218A96BD0073F88B /* Debug */,
				CF6607EA218A96BD0073F88B /* Release */,
			);
			defaultConfigurationIsVisible = 0;
			defaultConfigurationName = Release;
		};
/* End XCConfigurationList section */
	};
	rootObject = CF6607CC218A96BB0073F88B /* Project object */;
}
